
Microsoft Visual Studio Solution File, Format Version 12.00
# Visual Studio 2013
VisualStudioVersion = 12.0.40418.0
MinimumVisualStudioVersion = 10.0.40219.1
Project("{E24C65DC-7377-472B-9ABA-BC803B73C61A}") = "Jungs-Webpage(2)", "http://localhost:1483", "{8AD8381C-3ECD-4411-AF99-62584574AFFE}"
	ProjectSection(WebsiteProperties) = preProject
		UseIISExpress = "true"
		TargetFrameworkMoniker = ".NETFramework,Version%3Dv4.5"
		Debug.AspNetCompiler.VirtualPath = "/localhost_1483"
		Debug.AspNetCompiler.PhysicalPath = "..\..\WebSites\Jungs-Webpage\"
		Debug.AspNetCompiler.TargetPath = "PrecompiledWeb\localhost_1483\"
		Debug.AspNetCompiler.Updateable = "true"
		Debug.AspNetCompiler.ForceOverwrite = "true"
		Debug.AspNetCompiler.FixedNames = "false"
		Debug.AspNetCompiler.Debug = "True"
		Release.AspNetCompiler.VirtualPath = "/localhost_1483"
		Release.AspNetCompiler.PhysicalPath = "..\..\WebSites\Jungs-Webpage\"
		Release.AspNetCompiler.TargetPath = "PrecompiledWeb\localhost_1483\"
		Release.AspNetCompiler.Updateable = "true"
		Release.AspNetCompiler.ForceOverwrite = "true"
		Release.AspNetCompiler.FixedNames = "false"
		Release.AspNetCompiler.Debug = "False"
		SlnRelativePath = "..\..\WebSites\Jungs-Webpage\"
		DefaultWebSiteLanguage = "Visual C#"
	EndProjectSection
EndProject
Global
	GlobalSection(SolutionConfigurationPlatforms) = preSolution
		Debug|Any CPU = Debug|Any CPU
	EndGlobalSection
	GlobalSection(ProjectConfigurationPlatforms) = postSolution
		{8AD8381C-3ECD-4411-AF99-62584574AFFE}.Debug|Any CPU.ActiveCfg = Debug|Any CPU
		{8AD8381C-3ECD-4411-AF99-62584574AFFE}.Debug|Any CPU.Build.0 = Debug|Any CPU
	EndGlobalSection
	GlobalSection(SolutionProperties) = preSolution
		HideSolutionNode = FALSE
	EndGlobalSection
EndGlobal
